
Microsoft Visual Studio Solution File, Format Version 12.00
# Visual Studio Version 16
VisualStudioVersion = 16.0.30804.86
MinimumVisualStudioVersion = 10.0.40219.1
Project("{FAE04EC0-301F-11D3-BF4B-00C04F79EFBC}") = "PS.WebService", "PS.WebService\PS.WebService.csproj", "{04E62015-B1E9-4425-9B72-9E5AED776468}"
EndProject
Global
	GlobalSection(SolutionConfigurationPlatforms) = preSolution
		Debug|Any CPU = Debug|Any CPU
		Release|Any CPU = Release|Any CPU
	EndGlobalSection
	GlobalSection(ProjectConfigurationPlatforms) = postSolution
		{04E62015-B1E9-4425-9B72-9E5AED776468}.Debug|Any CPU.ActiveCfg = Debug|Any CPU
		{04E62015-B1E9-4425-9B72-9E5AED776468}.Debug|Any CPU.Build.0 = Debug|Any CPU
		{04E62015-B1E9-4425-9B72-9E5AED776468}.Release|Any CPU.ActiveCfg = Release|Any CPU
		{04E62015-B1E9-4425-9B72-9E5AED776468}.Release|Any CPU.Build.0 = Release|Any CPU
	EndGlobalSection
	GlobalSection(SolutionProperties) = preSolution
		HideSolutionNode = FALSE
	EndGlobalSection
	GlobalSection(ExtensibilityGlobals) = postSolution
		SolutionGuid = {04A4E75B-4E45-4C2C-9E7A-361F4528CA1E}
	EndGlobalSection
EndGlobal
